
Microsoft Visual Studio Solution File, Format Version 12.00
# Visual Studio Version 17
VisualStudioVersion = 17.9.34728.123
MinimumVisualStudioVersion = 10.0.40219.1
Project("{FAE04EC0-301F-11D3-BF4B-00C04F79EFBC}") = "MyShop-DataAccess", "MyShop-DataAccess\MyShop-DataAccess.csproj", "{B6B5BB43-DAE8-4C48-8549-60444C2DACC6}"
EndProject
Project("{FAE04EC0-301F-11D3-BF4B-00C04F79EFBC}") = "MyShop-Entities", "MyShop-Entities\MyShop-Entities.csproj", "{E77E51AB-5370-4B87-8E8A-5860695EE7C1}"
EndProject
Project("{FAE04EC0-301F-11D3-BF4B-00C04F79EFBC}") = "MyShop.web", "MyShop.web\MyShop.web.csproj", "{15AB6292-F4C6-4C7B-8689-A66F4D9EBC12}"
EndProject
Global
	GlobalSection(SolutionConfigurationPlatforms) = preSolution
		Debug|Any CPU = Debug|Any CPU
		Release|Any CPU = Release|Any CPU
	EndGlobalSection
	GlobalSection(ProjectConfigurationPlatforms) = postSolution
		{B6B5BB43-DAE8-4C48-8549-60444C2DACC6}.Debug|Any CPU.ActiveCfg = Debug|Any CPU
		{B6B5BB43-DAE8-4C48-8549-60444C2DACC6}.Debug|Any CPU.Build.0 = Debug|Any CPU
		{B6B5BB43-DAE8-4C48-8549-60444C2DACC6}.Release|Any CPU.ActiveCfg = Release|Any CPU
		{B6B5BB43-DAE8-4C48-8549-60444C2DACC6}.Release|Any CPU.Build.0 = Release|Any CPU
		{E77E51AB-5370-4B87-8E8A-5860695EE7C1}.Debug|Any CPU.ActiveCfg = Debug|Any CPU
		{E77E51AB-5370-4B87-8E8A-5860695EE7C1}.Debug|Any CPU.Build.0 = Debug|Any CPU
		{E77E51AB-5370-4B87-8E8A-5860695EE7C1}.Release|Any CPU.ActiveCfg = Release|Any CPU
		{E77E51AB-5370-4B87-8E8A-5860695EE7C1}.Release|Any CPU.Build.0 = Release|Any CPU
		{15AB6292-F4C6-4C7B-8689-A66F4D9EBC12}.Debug|Any CPU.ActiveCfg = Debug|Any CPU
		{15AB6292-F4C6-4C7B-8689-A66F4D9EBC12}.Debug|Any CPU.Build.0 = Debug|Any CPU
		{15AB6292-F4C6-4C7B-8689-A66F4D9EBC12}.Release|Any CPU.ActiveCfg = Release|Any CPU
		{15AB6292-F4C6-4C7B-8689-A66F4D9EBC12}.Release|Any CPU.Build.0 = Release|Any CPU
	EndGlobalSection
	GlobalSection(SolutionProperties) = preSolution
		HideSolutionNode = FALSE
	EndGlobalSection
	GlobalSection(ExtensibilityGlobals) = postSolution
		SolutionGuid = {B3364413-78A4-449A-BFEB-9927E0BCCC04}
	EndGlobalSection
EndGlobal
